
Microsoft Visual Studio Solution File, Format Version 12.00
# Visual Studio 15
VisualStudioVersion = 15.0.28307.902
MinimumVisualStudioVersion = 10.0.40219.1
Project("{FAE04EC0-301F-11D3-BF4B-00C04F79EFBC}") = "project_m10_task01", "project_m10_task01\project_m10_task01.csproj", "{A0A0956F-3F40-4D6C-A692-0FF409021617}"
EndProject
Global
	GlobalSection(SolutionConfigurationPlatforms) = preSolution
		Debug|Any CPU = Debug|Any CPU
		Release|Any CPU = Release|Any CPU
	EndGlobalSection
	GlobalSection(ProjectConfigurationPlatforms) = postSolution
		{A0A0956F-3F40-4D6C-A692-0FF409021617}.Debug|Any CPU.ActiveCfg = Debug|Any CPU
		{A0A0956F-3F40-4D6C-A692-0FF409021617}.Debug|Any CPU.Build.0 = Debug|Any CPU
		{A0A0956F-3F40-4D6C-A692-0FF409021617}.Release|Any CPU.ActiveCfg = Release|Any CPU
		{A0A0956F-3F40-4D6C-A692-0FF409021617}.Release|Any CPU.Build.0 = Release|Any CPU
	EndGlobalSection
	GlobalSection(SolutionProperties) = preSolution
		HideSolutionNode = FALSE
	EndGlobalSection
	GlobalSection(ExtensibilityGlobals) = postSolution
		SolutionGuid = {DA21A265-B65D-43A2-95ED-A8DA61186A29}
	EndGlobalSection
EndGlobal
